# This file was autogenerated by Stack.
# You should not edit this file by hand.
# For more information, please see the documentation at:
#   https://docs.haskellstack.org/en/stable/lock_files

packages:
- completed:
    hackage: aeson-2.2.0.0@sha256:deeab33f7f2a235c9e9ea76168f27a3669ad51bbdb363e830015352a3b2874ec,6217
    pantry-tree:
      sha256: 2c65659ff9ab19047728c8cc2f20869ba7ca78a09fe03cecf826f5857f3d4c95
      size: 83036
  original:
    hackage: aeson-2.2.0.0
- completed:
    hackage: text-iso8601-0.1@sha256:fc10d8de72fc094d0d299644f17421b9430d1c1092a1355c7f0c02d8b6edf6a7,2371
    pantry-tree:
      sha256: f72aa62f5f4d1155b3d3f35e8227548a27cee83fb5d0742564b5ef26597f1431
      size: 427
  original:
    hackage: text-iso8601-0.1
- completed:
    hackage: integer-conversion-0.1@sha256:9f77cc7711d3100a4483f2dd1a22f4be5b59d235a556d910d0e6c5e90a967551,2208
    pantry-tree:
      sha256: 17063e15091711b54f9a4a9ccb032f3c2ed68bb4ba097243333469ad8462b748
      size: 509
  original:
    hackage: integer-conversion-0.1
- completed:
    hackage: th-abstraction-0.5.0.0@sha256:4351cadf6bf0ca80c90225bae0b12f4cfdd550f30c333b050186af5a8bc19457,2236
    pantry-tree:
      sha256: f1e547789ee75cf1d880c2dd6498254e9a37de052842b573b43c4b4a1ebcfd6d
      size: 670
  original:
    hackage: th-abstraction-0.5.0.0
snapshots:
- completed:
    sha256: 23bb9bb355bfdb1635252e120a29b712f0d5e8a6c6a65c5ab5bd6692f46c438e
    size: 640457
    url: https://raw.githubusercontent.com/commercialhaskell/stackage-snapshots/master/lts/21/7.yaml
  original: lts-21.7
