# This file was autogenerated by Stack.
# You should not edit this file by hand.
# For more information, please see the documentation at:
#   https://docs.haskellstack.org/en/stable/lock_files

packages: []
snapshots:
- completed:
    sha256: 2d7ebe70db27d984f1613940d1e5ca26affaed79d183c282f87daa46f3fed9bd
    size: 558379
    url: https://raw.githubusercontent.com/commercialhaskell/stackage-snapshots/master/nightly/2024/1/23.yaml
  original: nightly-2024-01-23
